Microsoft Visual Studio Solution File, Format Version 12.00
# Visual Studio Version 17
VisualStudioVersion = 17.5.2.0
MinimumVisualStudioVersion = 10.0.40219.1
Project("{FAE04EC0-301F-11D3-BF4B-00C04F79EFBC}") = "PanielTheAutomataFork", "Source\PanielTheAutomataFork.csproj", "{5155F59F-2D0E-4DFC-5538-972FEF074E44}"
EndProject
Global
	GlobalSection(SolutionConfigurationPlatforms) = preSolution
		Debug|Any CPU = Debug|Any CPU
		Release|Any CPU = Release|Any CPU
	EndGlobalSection
	GlobalSection(ProjectConfigurationPlatforms) = postSolution
		{5155F59F-2D0E-4DFC-5538-972FEF074E44}.Debug|Any CPU.ActiveCfg = Debug|Any CPU
		{5155F59F-2D0E-4DFC-5538-972FEF074E44}.Debug|Any CPU.Build.0 = Debug|Any CPU
		{5155F59F-2D0E-4DFC-5538-972FEF074E44}.Release|Any CPU.ActiveCfg = Release|Any CPU
		{5155F59F-2D0E-4DFC-5538-972FEF074E44}.Release|Any CPU.Build.0 = Release|Any CPU
	EndGlobalSection
	GlobalSection(SolutionProperties) = preSolution
		HideSolutionNode = FALSE
	EndGlobalSection
	GlobalSection(ExtensibilityGlobals) = postSolution
		SolutionGuid = {35472CD5-C6F2-4600-9373-1497F9352CF5}
	EndGlobalSection
EndGlobal
